// !$*UTF8*$!
{
	archiveVersion = 1;
	classes = {
	};
	objectVersion = 56;
	objects = {

/* Begin PBXBuildFile section */
		47E578C82AFD1C03006E6C6C /* AppDelegate.swift in Sources */ = {isa = PBXBuildFile; fileRef = 47E578C72AFD1C03006E6C6C /* AppDelegate.swift */; };
		47E578D12AFD1C05006E6C6C /* Assets.xcassets in Resources */ = {isa = PBXBuildFile; fileRef = 47E578D02AFD1C05006E6C6C /* Assets.xcassets */; };
		47E578D42AFD1C05006E6C6C /* LaunchScreen.storyboard in Resources */ = {isa = PBXBuildFile; fileRef = 47E578D22AFD1C05006E6C6C /* LaunchScreen.storyboard */; };
		47E578E22AFD209C006E6C6C /* CharactersListViewModel.swift in Sources */ = {isa = PBXBuildFile; fileRef = 47E578E12AFD209C006E6C6C /* CharactersListViewModel.swift */; };
		47E578E42AFD20C5006E6C6C /* CharactersListDataManager.swift in Sources */ = {isa = PBXBuildFile; fileRef = 47E578E32AFD20C5006E6C6C /* CharactersListDataManager.swift */; };
		47E578E62AFD20D4006E6C6C /* CharactersListAPIClient.swift in Sources */ = {isa = PBXBuildFile; fileRef = 47E578E52AFD20D4006E6C6C /* CharactersListAPIClient.swift */; };
		47E578E92AFD2B9C006E6C6C /* Characters.swift in Sources */ = {isa = PBXBuildFile; fileRef = 47E578E82AFD2B9C006E6C6C /* Characters.swift */; };
		47E578EB2AFD3038006E6C6C /* CharactersListWireframe.swift in Sources */ = {isa = PBXBuildFile; fileRef = 47E578EA2AFD3038006E6C6C /* CharactersListWireframe.swift */; };
		47E578EE2AFD3373006E6C6C /* BaseError.swift in Sources */ = {isa = PBXBuildFile; fileRef = 47E578ED2AFD3373006E6C6C /* BaseError.swift */; };
		47E578F12AFD8767006E6C6C /* CharactersListViewController.swift in Sources */ = {isa = PBXBuildFile; fileRef = 47E578EF2AFD8767006E6C6C /* CharactersListViewController.swift */; };
		47E578F22AFD8767006E6C6C /* CharactersListView.xib in Resources */ = {isa = PBXBuildFile; fileRef = 47E578F02AFD8767006E6C6C /* CharactersListView.xib */; };
		47E578F42AFE4DF9006E6C6C /* BaseWireframe.swift in Sources */ = {isa = PBXBuildFile; fileRef = 47E578F32AFE4DF9006E6C6C /* BaseWireframe.swift */; };
		47E579052AFE95E9006E6C6C /* CharacterTableViewCell.swift in Sources */ = {isa = PBXBuildFile; fileRef = 47E579032AFE95E8006E6C6C /* CharacterTableViewCell.swift */; };
		47E579062AFE95E9006E6C6C /* CharacterTableViewCell.xib in Resources */ = {isa = PBXBuildFile; fileRef = 47E579042AFE95E9006E6C6C /* CharacterTableViewCell.xib */; };
		47E579082AFFD438006E6C6C /* BaseApiClient.swift in Sources */ = {isa = PBXBuildFile; fileRef = 47E579072AFFD438006E6C6C /* BaseApiClient.swift */; };
		47E5790A2AFFD471006E6C6C /* BaseViewModel.swift in Sources */ = {isa = PBXBuildFile; fileRef = 47E579092AFFD471006E6C6C /* BaseViewModel.swift */; };
		47E5790C2AFFD50E006E6C6C /* Endpoints.swift in Sources */ = {isa = PBXBuildFile; fileRef = 47E5790B2AFFD50E006E6C6C /* Endpoints.swift */; };
		47E579132AFFEA91006E6C6C /* UIFont+Style.swift in Sources */ = {isa = PBXBuildFile; fileRef = 47E579122AFFEA91006E6C6C /* UIFont+Style.swift */; };
		47E5791F2B0010D8006E6C6C /* Creepster-Regular.ttf in Resources */ = {isa = PBXBuildFile; fileRef = 47E5791E2B0010D8006E6C6C /* Creepster-Regular.ttf */; };
		47E579222B00161B006E6C6C /* HeaderTableViewCell.swift in Sources */ = {isa = PBXBuildFile; fileRef = 47E579202B00161B006E6C6C /* HeaderTableViewCell.swift */; };
		47E579232B00161B006E6C6C /* HeaderTableViewCell.xib in Resources */ = {isa = PBXBuildFile; fileRef = 47E579212B00161B006E6C6C /* HeaderTableViewCell.xib */; };
/* End PBXBuildFile section */

/* Begin PBXFileReference section */
		47E578C42AFD1C03006E6C6C /* RickAndMorty.app */ = {isa = PBXFileReference; explicitFileType = wrapper.application; includeInIndex = 0; path = RickAndMorty.app; sourceTree = BUILT_PRODUCTS_DIR; };
		47E578C72AFD1C03006E6C6C /* AppDelegate.swift */ = {isa = PBXFileReference; lastKnownFileType = sourcecode.swift; path = AppDelegate.swift; sourceTree = "<group>"; };
		47E578D02AFD1C05006E6C6C /* Assets.xcassets */ = {isa = PBXFileReference; lastKnownFileType = folder.assetcatalog; path = Assets.xcassets; sourceTree = "<group>"; };
		47E578D32AFD1C05006E6C6C /* Base */ = {isa = PBXFileReference; lastKnownFileType = file.storyboard; name = Base; path = Base.lproj/LaunchScreen.storyboard; sourceTree = "<group>"; };
		47E578D52AFD1C05006E6C6C /* Info.plist */ = {isa = PBXFileReference; lastKnownFileType = text.plist.xml; path = Info.plist; sourceTree = "<group>"; };
		47E578E12AFD209C006E6C6C /* CharactersListViewModel.swift */ = {isa = PBXFileReference; lastKnownFileType = sourcecode.swift; path = CharactersListViewModel.swift; sourceTree = "<group>"; };
		47E578E32AFD20C5006E6C6C /* CharactersListDataManager.swift */ = {isa = PBXFileReference; lastKnownFileType = sourcecode.swift; path = CharactersListDataManager.swift; sourceTree = "<group>"; };
		47E578E52AFD20D4006E6C6C /* CharactersListAPIClient.swift */ = {isa = PBXFileReference; lastKnownFileType = sourcecode.swift; path = CharactersListAPIClient.swift; sourceTree = "<group>"; };
		47E578E82AFD2B9C006E6C6C /* Characters.swift */ = {isa = PBXFileReference; lastKnownFileType = sourcecode.swift; path = Characters.swift; sourceTree = "<group>"; };
		47E578EA2AFD3038006E6C6C /* CharactersListWireframe.swift */ = {isa = PBXFileReference; lastKnownFileType = sourcecode.swift; path = CharactersListWireframe.swift; sourceTree = "<group>"; };
		47E578ED2AFD3373006E6C6C /* BaseError.swift */ = {isa = PBXFileReference; lastKnownFileType = sourcecode.swift; path = BaseError.swift; sourceTree = "<group>"; };
		47E578EF2AFD8767006E6C6C /* CharactersListViewController.swift */ = {isa = PBXFileReference; lastKnownFileType = sourcecode.swift; path = CharactersListViewController.swift; sourceTree = "<group>"; };
		47E578F02AFD8767006E6C6C /* CharactersListView.xib */ = {isa = PBXFileReference; lastKnownFileType = file.xib; path = CharactersListView.xib; sourceTree = "<group>"; };
		47E578F32AFE4DF9006E6C6C /* BaseWireframe.swift */ = {isa = PBXFileReference; lastKnownFileType = sourcecode.swift; path = BaseWireframe.swift; sourceTree = "<group>"; };
		47E579032AFE95E8006E6C6C /* CharacterTableViewCell.swift */ = {isa = PBXFileReference; lastKnownFileType = sourcecode.swift; path = CharacterTableViewCell.swift; sourceTree = "<group>"; };
		47E579042AFE95E9006E6C6C /* CharacterTableViewCell.xib */ = {isa = PBXFileReference; lastKnownFileType = file.xib; path = CharacterTableViewCell.xib; sourceTree = "<group>"; };
		47E579072AFFD438006E6C6C /* BaseApiClient.swift */ = {isa = PBXFileReference; lastKnownFileType = sourcecode.swift; path = BaseApiClient.swift; sourceTree = "<group>"; };
		47E579092AFFD471006E6C6C /* BaseViewModel.swift */ = {isa = PBXFileReference; lastKnownFileType = sourcecode.swift; path = BaseViewModel.swift; sourceTree = "<group>"; };
		47E5790B2AFFD50E006E6C6C /* Endpoints.swift */ = {isa = PBXFileReference; lastKnownFileType = sourcecode.swift; path = Endpoints.swift; sourceTree = "<group>"; };
		47E579122AFFEA91006E6C6C /* UIFont+Style.swift */ = {isa = PBXFileReference; lastKnownFileType = sourcecode.swift; path = "UIFont+Style.swift"; sourceTree = "<group>"; };
		47E5791E2B0010D8006E6C6C /* Creepster-Regular.ttf */ = {isa = PBXFileReference; lastKnownFileType = file; path = "Creepster-Regular.ttf"; sourceTree = "<group>"; };
		47E579202B00161B006E6C6C /* HeaderTableViewCell.swift */ = {isa = PBXFileReference; lastKnownFileType = sourcecode.swift; path = HeaderTableViewCell.swift; sourceTree = "<group>"; };
		47E579212B00161B006E6C6C /* HeaderTableViewCell.xib */ = {isa = PBXFileReference; lastKnownFileType = file.xib; path = HeaderTableViewCell.xib; sourceTree = "<group>"; };
/* End PBXFileReference section */

/* Begin PBXFrameworksBuildPhase section */
		47E578C12AFD1C03006E6C6C /* Frameworks */ = {
			isa = PBXFrameworksBuildPhase;
			buildActionMask = 2147483647;
			files = (
			);
			runOnlyForDeploymentPostprocessing = 0;
		};
/* End PBXFrameworksBuildPhase section */

/* Begin PBXGroup section */
		47E578BB2AFD1C03006E6C6C = {
			isa = PBXGroup;
			children = (
				47E578C62AFD1C03006E6C6C /* RickAndMorty */,
				47E578C52AFD1C03006E6C6C /* Products */,
			);
			sourceTree = "<group>";
		};
		47E578C52AFD1C03006E6C6C /* Products */ = {
			isa = PBXGroup;
			children = (
				47E578C42AFD1C03006E6C6C /* RickAndMorty.app */,
			);
			name = Products;
			sourceTree = "<group>";
		};
		47E578C62AFD1C03006E6C6C /* RickAndMorty */ = {
			isa = PBXGroup;
			children = (
				47E579112AFFEA0F006E6C6C /* Extensions */,
				47E578EC2AFD3363006E6C6C /* Base */,
				47E578DD2AFD1C6A006E6C6C /* Resources */,
				47E578DB2AFD1C44006E6C6C /* Code */,
				47E578C72AFD1C03006E6C6C /* AppDelegate.swift */,
				47E578D02AFD1C05006E6C6C /* Assets.xcassets */,
				47E578D22AFD1C05006E6C6C /* LaunchScreen.storyboard */,
				47E578D52AFD1C05006E6C6C /* Info.plist */,
			);
			path = RickAndMorty;
			sourceTree = "<group>";
		};
		47E578DB2AFD1C44006E6C6C /* Code */ = {
			isa = PBXGroup;
			children = (
				47E578DC2AFD1C4D006E6C6C /* Modules */,
			);
			path = Code;
			sourceTree = "<group>";
		};
		47E578DC2AFD1C4D006E6C6C /* Modules */ = {
			isa = PBXGroup;
			children = (
				47E578DE2AFD1CAB006E6C6C /* CharactersList */,
			);
			path = Modules;
			sourceTree = "<group>";
		};
		47E578DD2AFD1C6A006E6C6C /* Resources */ = {
			isa = PBXGroup;
			children = (
				47E5790E2AFFE85A006E6C6C /* Fonts */,
			);
			path = Resources;
			sourceTree = "<group>";
		};
		47E578DE2AFD1CAB006E6C6C /* CharactersList */ = {
			isa = PBXGroup;
			children = (
				47E579022AFE9154006E6C6C /* Cell */,
				47E578E72AFD2AC9006E6C6C /* Models */,
				47E5790D2AFFE043006E6C6C /* View */,
				47E578E12AFD209C006E6C6C /* CharactersListViewModel.swift */,
				47E578E32AFD20C5006E6C6C /* CharactersListDataManager.swift */,
				47E578E52AFD20D4006E6C6C /* CharactersListAPIClient.swift */,
				47E578EA2AFD3038006E6C6C /* CharactersListWireframe.swift */,
			);
			path = CharactersList;
			sourceTree = "<group>";
		};
		47E578E72AFD2AC9006E6C6C /* Models */ = {
			isa = PBXGroup;
			children = (
				47E578E82AFD2B9C006E6C6C /* Characters.swift */,
			);
			path = Models;
			sourceTree = "<group>";
		};
		47E578EC2AFD3363006E6C6C /* Base */ = {
			isa = PBXGroup;
			children = (
				47E579072AFFD438006E6C6C /* BaseApiClient.swift */,
				47E579092AFFD471006E6C6C /* BaseViewModel.swift */,
				47E578F32AFE4DF9006E6C6C /* BaseWireframe.swift */,
				47E578ED2AFD3373006E6C6C /* BaseError.swift */,
				47E5790B2AFFD50E006E6C6C /* Endpoints.swift */,
			);
			path = Base;
			sourceTree = "<group>";
		};
		47E579022AFE9154006E6C6C /* Cell */ = {
			isa = PBXGroup;
			children = (
				47E579032AFE95E8006E6C6C /* CharacterTableViewCell.swift */,
				47E579042AFE95E9006E6C6C /* CharacterTableViewCell.xib */,
				47E579202B00161B006E6C6C /* HeaderTableViewCell.swift */,
				47E579212B00161B006E6C6C /* HeaderTableViewCell.xib */,
			);
			path = Cell;
			sourceTree = "<group>";
		};
		47E5790D2AFFE043006E6C6C /* View */ = {
			isa = PBXGroup;
			children = (
				47E578EF2AFD8767006E6C6C /* CharactersListViewController.swift */,
				47E578F02AFD8767006E6C6C /* CharactersListView.xib */,
			);
			path = View;
			sourceTree = "<group>";
		};
		47E5790E2AFFE85A006E6C6C /* Fonts */ = {
			isa = PBXGroup;
			children = (
				47E5791E2B0010D8006E6C6C /* Creepster-Regular.ttf */,
			);
			path = Fonts;
			sourceTree = "<group>";
		};
		47E579112AFFEA0F006E6C6C /* Extensions */ = {
			isa = PBXGroup;
			children = (
				47E579122AFFEA91006E6C6C /* UIFont+Style.swift */,
			);
			path = Extensions;
			sourceTree = "<group>";
		};
/* End PBXGroup section */

/* Begin PBXNativeTarget section */
		47E578C32AFD1C03006E6C6C /* RickAndMorty */ = {
			isa = PBXNativeTarget;
			buildConfigurationList = 47E578D82AFD1C05006E6C6C /* Build configuration list for PBXNativeTarget "RickAndMorty" */;
			buildPhases = (
				47E578C02AFD1C03006E6C6C /* Sources */,
				47E578C12AFD1C03006E6C6C /* Frameworks */,
				47E578C22AFD1C03006E6C6C /* Resources */,
			);
			buildRules = (
			);
			dependencies = (
			);
			name = RickAndMorty;
			productName = RickAndMorty;
			productReference = 47E578C42AFD1C03006E6C6C /* RickAndMorty.app */;
			productType = "com.apple.product-type.application";
		};
/* End PBXNativeTarget section */

/* Begin PBXProject section */
		47E578BC2AFD1C03006E6C6C /* Project object */ = {
			isa = PBXProject;
			attributes = {
				BuildIndependentTargetsInParallel = 1;
				LastSwiftUpdateCheck = 1420;
				LastUpgradeCheck = 1420;
				TargetAttributes = {
					47E578C32AFD1C03006E6C6C = {
						CreatedOnToolsVersion = 14.2;
					};
				};
			};
			buildConfigurationList = 47E578BF2AFD1C03006E6C6C /* Build configuration list for PBXProject "RickAndMorty" */;
			compatibilityVersion = "Xcode 14.0";
			developmentRegion = en;
			hasScannedForEncodings = 0;
			knownRegions = (
				en,
				Base,
			);
			mainGroup = 47E578BB2AFD1C03006E6C6C;
			productRefGroup = 47E578C52AFD1C03006E6C6C /* Products */;
			projectDirPath = "";
			projectRoot = "";
			targets = (
				47E578C32AFD1C03006E6C6C /* RickAndMorty */,
			);
		};
/* End PBXProject section */

/* Begin PBXResourcesBuildPhase section */
		47E578C22AFD1C03006E6C6C /* Resources */ = {
			isa = PBXResourcesBuildPhase;
			buildActionMask = 2147483647;
			files = (
				47E578F22AFD8767006E6C6C /* CharactersListView.xib in Resources */,
				47E578D42AFD1C05006E6C6C /* LaunchScreen.storyboard in Resources */,
				47E578D12AFD1C05006E6C6C /* Assets.xcassets in Resources */,
				47E5791F2B0010D8006E6C6C /* Creepster-Regular.ttf in Resources */,
				47E579232B00161B006E6C6C /* HeaderTableViewCell.xib in Resources */,
				47E579062AFE95E9006E6C6C /* CharacterTableViewCell.xib in Resources */,
			);
			runOnlyForDeploymentPostprocessing = 0;
		};
/* End PBXResourcesBuildPhase section */

/* Begin PBXSourcesBuildPhase section */
		47E578C02AFD1C03006E6C6C /* Sources */ = {
			isa = PBXSourcesBuildPhase;
			buildActionMask = 2147483647;
			files = (
				47E578F12AFD8767006E6C6C /* CharactersListViewController.swift in Sources */,
				47E579222B00161B006E6C6C /* HeaderTableViewCell.swift in Sources */,
				47E578C82AFD1C03006E6C6C /* AppDelegate.swift in Sources */,
				47E5790C2AFFD50E006E6C6C /* Endpoints.swift in Sources */,
				47E579082AFFD438006E6C6C /* BaseApiClient.swift in Sources */,
				47E579132AFFEA91006E6C6C /* UIFont+Style.swift in Sources */,
				47E578E22AFD209C006E6C6C /* CharactersListViewModel.swift in Sources */,
				47E578EB2AFD3038006E6C6C /* CharactersListWireframe.swift in Sources */,
				47E5790A2AFFD471006E6C6C /* BaseViewModel.swift in Sources */,
				47E578E92AFD2B9C006E6C6C /* Characters.swift in Sources */,
				47E578E42AFD20C5006E6C6C /* CharactersListDataManager.swift in Sources */,
				47E578E62AFD20D4006E6C6C /* CharactersListAPIClient.swift in Sources */,
				47E579052AFE95E9006E6C6C /* CharacterTableViewCell.swift in Sources */,
				47E578EE2AFD3373006E6C6C /* BaseError.swift in Sources */,
				47E578F42AFE4DF9006E6C6C /* BaseWireframe.swift in Sources */,
			);
			runOnlyForDeploymentPostprocessing = 0;
		};
/* End PBXSourcesBuildPhase section */

/* Begin PBXVariantGroup section */
		47E578D22AFD1C05006E6C6C /* LaunchScreen.storyboard */ = {
			isa = PBXVariantGroup;
			children = (
				47E578D32AFD1C05006E6C6C /* Base */,
			);
			name = LaunchScreen.storyboard;
			sourceTree = "<group>";
		};
/* End PBXVariantGroup section */

/* Begin XCBuildConfiguration section */
		47E578D62AFD1C05006E6C6C /* Debug */ = {
			isa = XCBuildConfiguration;
			buildSettings = {
				ALWAYS_SEARCH_USER_PATHS = NO;
				CLANG_ANALYZER_NONNULL = YES;
				CLANG_ANALYZER_NUMBER_OBJECT_CONVERSION = YES_AGGRESSIVE;
				CLANG_CXX_LANGUAGE_STANDARD = "gnu++20";
				CLANG_ENABLE_MODULES = YES;
				CLANG_ENABLE_OBJC_ARC = YES;
				CLANG_ENABLE_OBJC_WEAK = YES;
				CLANG_WARN_BLOCK_CAPTURE_AUTORELEASING = YES;
				CLANG_WARN_BOOL_CONVERSION = YES;
				CLANG_WARN_COMMA = YES;
				CLANG_WARN_CONSTANT_CONVERSION = YES;
				CLANG_WARN_DEPRECATED_OBJC_IMPLEMENTATIONS = YES;
				CLANG_WARN_DIRECT_OBJC_ISA_USAGE = YES_ERROR;
				CLANG_WARN_DOCUMENTATION_COMMENTS = YES;
				CLANG_WARN_EMPTY_BODY = YES;
				CLANG_WARN_ENUM_CONVERSION = YES;
				CLANG_WARN_INFINITE_RECURSION = YES;
				CLANG_WARN_INT_CONVERSION = YES;
				CLANG_WARN_NON_LITERAL_NULL_CONVERSION = YES;
				CLANG_WARN_OBJC_IMPLICIT_RETAIN_SELF = YES;
				CLANG_WARN_OBJC_LITERAL_CONVERSION = YES;
				CLANG_WARN_OBJC_ROOT_CLASS = YES_ERROR;
				CLANG_WARN_QUOTED_INCLUDE_IN_FRAMEWORK_HEADER = YES;
				CLANG_WARN_RANGE_LOOP_ANALYSIS = YES;
				CLANG_WARN_STRICT_PROTOTYPES = YES;
				CLANG_WARN_SUSPICIOUS_MOVE = YES;
				CLANG_WARN_UNGUARDED_AVAILABILITY = YES_AGGRESSIVE;
				CLANG_WARN_UNREACHABLE_CODE = YES;
				CLANG_WARN__DUPLICATE_METHOD_MATCH = YES;
				COPY_PHASE_STRIP = NO;
				DEBUG_INFORMATION_FORMAT = dwarf;
				ENABLE_STRICT_OBJC_MSGSEND = YES;
				ENABLE_TESTABILITY = YES;
				GCC_C_LANGUAGE_STANDARD = gnu11;
				GCC_DYNAMIC_NO_PIC = NO;
				GCC_NO_COMMON_BLOCKS = YES;
				GCC_OPTIMIZATION_LEVEL = 0;
				GCC_PREPROCESSOR_DEFINITIONS = (
					"DEBUG=1",
					"$(inherited)",
				);
				GCC_WARN_64_TO_32_BIT_CONVERSION = YES;
				GCC_WARN_ABOUT_RETURN_TYPE = YES_ERROR;
				GCC_WARN_UNDECLARED_SELECTOR = YES;
				GCC_WARN_UNINITIALIZED_AUTOS = YES_AGGRESSIVE;
				GCC_WARN_UNUSED_FUNCTION = YES;
				GCC_WARN_UNUSED_VARIABLE = YES;
				IPHONEOS_DEPLOYMENT_TARGET = 16.2;
				MTL_ENABLE_DEBUG_INFO = INCLUDE_SOURCE;
				MTL_FAST_MATH = YES;
				ONLY_ACTIVE_ARCH = YES;
				SDKROOT = iphoneos;
				SWIFT_ACTIVE_COMPILATION_CONDITIONS = DEBUG;
				SWIFT_OPTIMIZATION_LEVEL = "-Onone";
			};
			name = Debug;
		};
		47E578D72AFD1C05006E6C6C /* Release */ = {
			isa = XCBuildConfiguration;
			buildSettings = {
				ALWAYS_SEARCH_USER_PATHS = NO;
				CLANG_ANALYZER_NONNULL = YES;
				CLANG_ANALYZER_NUMBER_OBJECT_CONVERSION = YES_AGGRESSIVE;
				CLANG_CXX_LANGUAGE_STANDARD = "gnu++20";
				CLANG_ENABLE_MODULES = YES;
				CLANG_ENABLE_OBJC_ARC = YES;
				CLANG_ENABLE_OBJC_WEAK = YES;
				CLANG_WARN_BLOCK_CAPTURE_AUTORELEASING = YES;
				CLANG_WARN_BOOL_CONVERSION = YES;
				CLANG_WARN_COMMA = YES;
				CLANG_WARN_CONSTANT_CONVERSION = YES;
				CLANG_WARN_DEPRECATED_OBJC_IMPLEMENTATIONS = YES;
				CLANG_WARN_DIRECT_OBJC_ISA_USAGE = YES_ERROR;
				CLANG_WARN_DOCUMENTATION_COMMENTS = YES;
				CLANG_WARN_EMPTY_BODY = YES;
				CLANG_WARN_ENUM_CONVERSION = YES;
				CLANG_WARN_INFINITE_RECURSION = YES;
				CLANG_WARN_INT_CONVERSION = YES;
				CLANG_WARN_NON_LITERAL_NULL_CONVERSION = YES;
				CLANG_WARN_OBJC_IMPLICIT_RETAIN_SELF = YES;
				CLANG_WARN_OBJC_LITERAL_CONVERSION = YES;
				CLANG_WARN_OBJC_ROOT_CLASS = YES_ERROR;
				CLANG_WARN_QUOTED_INCLUDE_IN_FRAMEWORK_HEADER = YES;
				CLANG_WARN_RANGE_LOOP_ANALYSIS = YES;
				CLANG_WARN_STRICT_PROTOTYPES = YES;
				CLANG_WARN_SUSPICIOUS_MOVE = YES;
				CLANG_WARN_UNGUARDED_AVAILABILITY = YES_AGGRESSIVE;
				CLANG_WARN_UNREACHABLE_CODE = YES;
				CLANG_WARN__DUPLICATE_METHOD_MATCH = YES;
				COPY_PHASE_STRIP = NO;
				DEBUG_INFORMATION_FORMAT = "dwarf-with-dsym";
				ENABLE_NS_ASSERTIONS = NO;
				ENABLE_STRICT_OBJC_MSGSEND = YES;
				GCC_C_LANGUAGE_STANDARD = gnu11;
				GCC_NO_COMMON_BLOCKS = YES;
				GCC_WARN_64_TO_32_BIT_CONVERSION = YES;
				GCC_WARN_ABOUT_RETURN_TYPE = YES_ERROR;
				GCC_WARN_UNDECLARED_SELECTOR = YES;
				GCC_WARN_UNINITIALIZED_AUTOS = YES_AGGRESSIVE;
				GCC_WARN_UNUSED_FUNCTION = YES;
				GCC_WARN_UNUSED_VARIABLE = YES;
				IPHONEOS_DEPLOYMENT_TARGET = 16.2;
				MTL_ENABLE_DEBUG_INFO = NO;
				MTL_FAST_MATH = YES;
				SDKROOT = iphoneos;
				SWIFT_COMPILATION_MODE = wholemodule;
				SWIFT_OPTIMIZATION_LEVEL = "-O";
				VALIDATE_PRODUCT = YES;
			};
			name = Release;
		};
		47E578D92AFD1C05006E6C6C /* Debug */ = {
			isa = XCBuildConfiguration;
			buildSettings = {
				ASSETCATALOG_COMPILER_APPICON_NAME = AppIcon;
				ASSETCATALOG_COMPILER_GLOBAL_ACCENT_COLOR_NAME = AccentColor;
				CODE_SIGN_STYLE = Automatic;
				CURRENT_PROJECT_VERSION = 1;
				DEVELOPMENT_TEAM = S995AAJ8H2;
				GENERATE_INFOPLIST_FILE = YES;
				INFOPLIST_FILE = RickAndMorty/Info.plist;
				INFOPLIST_KEY_UIApplicationSupportsIndirectInputEvents = YES;
				INFOPLIST_KEY_UILaunchStoryboardName = LaunchScreen.storyboard;
				INFOPLIST_KEY_UIStatusBarStyle = "";
				INFOPLIST_KEY_UISupportedInterfaceOrientations_iPad = "UIInterfaceOrientationPortrait UIInterfaceOrientationPortraitUpsideDown UIInterfaceOrientationLandscapeLeft UIInterfaceOrientationLandscapeRight";
				INFOPLIST_KEY_UISupportedInterfaceOrientations_iPhone = "UIInterfaceOrientationPortrait UIInterfaceOrientationLandscapeLeft UIInterfaceOrientationLandscapeRight";
				IPHONEOS_DEPLOYMENT_TARGET = 15.0;
				LD_RUNPATH_SEARCH_PATHS = (
					"$(inherited)",
					"@executable_path/Frameworks",
				);
				MARKETING_VERSION = 1.0;
				PRODUCT_BUNDLE_IDENTIFIER = com.javierrodriguez.RickAndMorty;
				PRODUCT_NAME = "$(TARGET_NAME)";
				SWIFT_EMIT_LOC_STRINGS = YES;
				SWIFT_VERSION = 5.0;
				TARGETED_DEVICE_FAMILY = "1,2";
			};
			name = Debug;
		};
		47E578DA2AFD1C05006E6C6C /* Release */ = {
			isa = XCBuildConfiguration;
			buildSettings = {
				ASSETCATALOG_COMPILER_APPICON_NAME = AppIcon;
				ASSETCATALOG_COMPILER_GLOBAL_ACCENT_COLOR_NAME = AccentColor;
				CODE_SIGN_STYLE = Automatic;
				CURRENT_PROJECT_VERSION = 1;
				DEVELOPMENT_TEAM = S995AAJ8H2;
				GENERATE_INFOPLIST_FILE = YES;
				INFOPLIST_FILE = RickAndMorty/Info.plist;
				INFOPLIST_KEY_UIApplicationSupportsIndirectInputEvents = YES;
				INFOPLIST_KEY_UILaunchStoryboardName = LaunchScreen.storyboard;
				INFOPLIST_KEY_UIStatusBarStyle = "";
				INFOPLIST_KEY_UISupportedInterfaceOrientations_iPad = "UIInterfaceOrientationPortrait UIInterfaceOrientationPortraitUpsideDown UIInterfaceOrientationLandscapeLeft UIInterfaceOrientationLandscapeRight";
				INFOPLIST_KEY_UISupportedInterfaceOrientations_iPhone = "UIInterfaceOrientationPortrait UIInterfaceOrientationLandscapeLeft UIInterfaceOrientationLandscapeRight";
				IPHONEOS_DEPLOYMENT_TARGET = 15.0;
				LD_RUNPATH_SEARCH_PATHS = (
					"$(inherited)",
					"@executable_path/Frameworks",
				);
				MARKETING_VERSION = 1.0;
				PRODUCT_BUNDLE_IDENTIFIER = com.javierrodriguez.RickAndMorty;
				PRODUCT_NAME = "$(TARGET_NAME)";
				SWIFT_EMIT_LOC_STRINGS = YES;
				SWIFT_VERSION = 5.0;
				TARGETED_DEVICE_FAMILY = "1,2";
			};
			name = Release;
		};
/* End XCBuildConfiguration section */

/* Begin XCConfigurationList section */
		47E578BF2AFD1C03006E6C6C /* Build configuration list for PBXProject "RickAndMorty" */ = {
			isa = XCConfigurationList;
			buildConfigurations = (
				47E578D62AFD1C05006E6C6C /* Debug */,
				47E578D72AFD1C05006E6C6C /* Release */,
			);
			defaultConfigurationIsVisible = 0;
			defaultConfigurationName = Release;
		};
		47E578D82AFD1C05006E6C6C /* Build configuration list for PBXNativeTarget "RickAndMorty" */ = {
			isa = XCConfigurationList;
			buildConfigurations = (
				47E578D92AFD1C05006E6C6C /* Debug */,
				47E578DA2AFD1C05006E6C6C /* Release */,
			);
			defaultConfigurationIsVisible = 0;
			defaultConfigurationName = Release;
		};
/* End XCConfigurationList section */
	};
	rootObject = 47E578BC2AFD1C03006E6C6C /* Project object */;
}
